# This file is automatically @generated by Cargo.
# It is not intended for manual editing.
version = 4

[[package]]
name = "fetchtool-fetcher"
version = "0.1.0"
dependencies = [
 "which",
]

[[package]]
name = "libc"
version = "0.2.186"
source = "registry+https://github.com/rust-lang/crates.io-index"
checksum = "68ab91017fe16c622486840e4c83c9a37afeff978bd239b5293d61ece587de66"

[[package]]
name = "which"
version = "8.0.2"
source = "registry+https://github.com/rust-lang/crates.io-index"
checksum = "81995fafaaaf6ae47a7d0cc83c67caf92aeb7e5331650ae6ff856f7c0c60c459"
dependencies = [
 "libc",
]
